// !$*UTF8*$!
{
	archiveVersion = 1;
	classes = {
	};
	objectVersion = 77;
	objects = {

/* Begin PBXBuildFile section */
		C0DE000000000000000000C6 /* VisualAlarmAgent.app in Embed Helper Apps in Contents/Library/LoginItems */ = {isa = PBXBuildFile; fileRef = C0DE000000000000000000A2 /* VisualAlarmAgent.app */; };
		C0DE000000000000000000C7 /* VisualAlarmRunner.app in Embed Helper Apps in Contents/Library/LoginItems */ = {isa = PBXBuildFile; fileRef = C0DE000000000000000000B2 /* VisualAlarmRunner.app */; };
/* End PBXBuildFile section */

/* Begin PBXContainerItemProxy section */
		3909CF8B302F70A200912A27 /* PBXContainerItemProxy */ = {
			isa = PBXContainerItemProxy;
			containerPortal = 3909CF75302F709E00912A27 /* Project object */;
			proxyType = 1;
			remoteGlobalIDString = 3909CF7C302F709E00912A27;
			remoteInfo = VisualAlarm;
		};
		3909CF95302F70A200912A27 /* PBXContainerItemProxy */ = {
			isa = PBXContainerItemProxy;
			containerPortal = 3909CF75302F709E00912A27 /* Project object */;
			proxyType = 1;
			remoteGlobalIDString = 3909CF7C302F709E00912A27;
			remoteInfo = VisualAlarm;
		};
		C0DE000000000000000000C1 /* PBXContainerItemProxy */ = {
			isa = PBXContainerItemProxy;
			containerPortal = 3909CF75302F709E00912A27 /* Project object */;
			proxyType = 1;
			remoteGlobalIDString = C0DE000000000000000000A3;
			remoteInfo = VisualAlarmAgent;
		};
		C0DE000000000000000000C3 /* PBXContainerItemProxy */ = {
			isa = PBXContainerItemProxy;
			containerPortal = 3909CF75302F709E00912A27 /* Project object */;
			proxyType = 1;
			remoteGlobalIDString = C0DE000000000000000000B3;
			remoteInfo = VisualAlarmRunner;
		};
/* End PBXContainerItemProxy section */

/* Begin PBXCopyFilesBuildPhase section */
		C0DE000000000000000000C5 /* Embed Helper Apps in Contents/Library/LoginItems */ = {
			isa = PBXCopyFilesBuildPhase;
			buildActionMask = 2147483647;
			dstPath = Contents/Library/LoginItems;
			dstSubfolderSpec = 1;
			files = (
				C0DE000000000000000000C6 /* VisualAlarmAgent.app in Embed Helper Apps in Contents/Library/LoginItems */,
				C0DE000000000000000000C7 /* VisualAlarmRunner.app in Embed Helper Apps in Contents/Library/LoginItems */,
			);
			name = "Embed Helper Apps in Contents/Library/LoginItems";
			runOnlyForDeploymentPostprocessing = 0;
		};
/* End PBXCopyFilesBuildPhase section */

/* Begin PBXFileReference section */
		3909CF7D302F709E00912A27 /* VisualAlarm.app */ = {isa = PBXFileReference; explicitFileType = wrapper.application; includeInIndex = 0; path = VisualAlarm.app; sourceTree = BUILT_PRODUCTS_DIR; };
		3909CF8A302F70A200912A27 /* VisualAlarmTests.xctest */ = {isa = PBXFileReference; explicitFileType = wrapper.cfbundle; includeInIndex = 0; path = VisualAlarmTests.xctest; sourceTree = BUILT_PRODUCTS_DIR; };
		3909CF94302F70A200912A27 /* VisualAlarmUITests.xctest */ = {isa = PBXFileReference; explicitFileType = wrapper.cfbundle; includeInIndex = 0; path = VisualAlarmUITests.xctest; sourceTree = BUILT_PRODUCTS_DIR; };
		C0DE000000000000000000A2 /* VisualAlarmAgent.app */ = {isa = PBXFileReference; explicitFileType = wrapper.application; includeInIndex = 0; path = VisualAlarmAgent.app; sourceTree = BUILT_PRODUCTS_DIR; };
		C0DE000000000000000000B2 /* VisualAlarmRunner.app */ = {isa = PBXFileReference; explicitFileType = wrapper.application; includeInIndex = 0; path = VisualAlarmRunner.app; sourceTree = BUILT_PRODUCTS_DIR; };
/* End PBXFileReference section */

/* Begin PBXFileSystemSynchronizedBuildFileExceptionSet section */
		3909CFAB30320C4100912A27 /* Exceptions for "VisualAlarm" folder in "VisualAlarm" target */ = {
			isa = PBXFileSystemSynchronizedBuildFileExceptionSet;
			platformFiltersByRelativePath = {
				BrightnessController.swift = (ios, );
			};
			target = 3909CF7C302F709E00912A27 /* VisualAlarm */;
		};
/* End PBXFileSystemSynchronizedBuildFileExceptionSet section */

/* Begin PBXFileSystemSynchronizedRootGroup section */
		3909CF7F302F709E00912A27 /* VisualAlarm */ = {
			isa = PBXFileSystemSynchronizedRootGroup;
			exceptions = (
				3909CFAB30320C4100912A27 /* Exceptions for "VisualAlarm" folder in "VisualAlarm" target */,
			);
			path = VisualAlarm;
			sourceTree = "<group>";
		};
		3909CF8D302F70A200912A27 /* VisualAlarmTests */ = {
			isa = PBXFileSystemSynchronizedRootGroup;
			path = VisualAlarmTests;
			sourceTree = "<group>";
		};
		3909CF97302F70A200912A27 /* VisualAlarmUITests */ = {
			isa = PBXFileSystemSynchronizedRootGroup;
			path = VisualAlarmUITests;
			sourceTree = "<group>";
		};
		C0DE000000000000000000A1 /* VisualAlarmAgent */ = {
			isa = PBXFileSystemSynchronizedRootGroup;
			path = VisualAlarmAgent;
			sourceTree = "<group>";
		};
		C0DE000000000000000000B1 /* VisualAlarmRunner */ = {
			isa = PBXFileSystemSynchronizedRootGroup;
			path = VisualAlarmRunner;
			sourceTree = "<group>";
		};
/* End PBXFileSystemSynchronizedRootGroup section */

/* Begin PBXFrameworksBuildPhase section */
		3909CF7A302F709E00912A27 /* Frameworks */ = {
			isa = PBXFrameworksBuildPhase;
			buildActionMask = 2147483647;
			files = (
			);
			runOnlyForDeploymentPostprocessing = 0;
		};
		3909CF87302F70A200912A27 /* Frameworks */ = {
			isa = PBXFrameworksBuildPhase;
			buildActionMask = 2147483647;
			files = (
			);
			runOnlyForDeploymentPostprocessing = 0;
		};
		3909CF91302F70A200912A27 /* Frameworks */ = {
			isa = PBXFrameworksBuildPhase;
			buildActionMask = 2147483647;
			files = (
			);
			runOnlyForDeploymentPostprocessing = 0;
		};
		C0DE000000000000000000B5 /* Frameworks */ = {
			isa = PBXFrameworksBuildPhase;
			buildActionMask = 2147483647;
			files = (
			);
			runOnlyForDeploymentPostprocessing = 0;
		};
/* End PBXFrameworksBuildPhase section */

/* Begin PBXGroup section */
		3909CF74302F709E00912A27 = {
			isa = PBXGroup;
			children = (
				3909CF7F302F709E00912A27 /* VisualAlarm */,
				C0DE000000000000000000A1 /* VisualAlarmAgent */,
				C0DE000000000000000000B1 /* VisualAlarmRunner */,
				3909CF8D302F70A200912A27 /* VisualAlarmTests */,
				3909CF97302F70A200912A27 /* VisualAlarmUITests */,
				3909CF7E302F709E00912A27 /* Products */,
			);
			sourceTree = "<group>";
		};
		3909CF7E302F709E00912A27 /* Products */ = {
			isa = PBXGroup;
			children = (
				3909CF7D302F709E00912A27 /* VisualAlarm.app */,
				C0DE000000000000000000A2 /* VisualAlarmAgent.app */,
				C0DE000000000000000000B2 /* VisualAlarmRunner.app */,
				3909CF8A302F70A200912A27 /* VisualAlarmTests.xctest */,
				3909CF94302F70A200912A27 /* VisualAlarmUITests.xctest */,
			);
			name = Products;
			sourceTree = "<group>";
		};
/* End PBXGroup section */

/* Begin PBXNativeTarget section */
		3909CF7C302F709E00912A27 /* VisualAlarm */ = {
			isa = PBXNativeTarget;
			buildConfigurationList = 3909CF9E302F70A200912A27 /* Build configuration list for PBXNativeTarget "VisualAlarm" */;
			buildPhases = (
				3909CF79302F709E00912A27 /* Sources */,
				3909CF7A302F709E00912A27 /* Frameworks */,
				3909CF7B302F709E00912A27 /* Resources */,
				C0DE000000000000000000C5 /* Embed Helper Apps in Contents/Library/LoginItems */,
			);
			buildRules = (
			);
			dependencies = (
				C0DE000000000000000000C2 /* PBXTargetDependency */,
				C0DE000000000000000000C4 /* PBXTargetDependency */,
			);
			fileSystemSynchronizedGroups = (
				3909CF7F302F709E00912A27 /* VisualAlarm */,
			);
			name = VisualAlarm;
			packageProductDependencies = (
			);
			productName = VisualAlarm;
			productReference = 3909CF7D302F709E00912A27 /* VisualAlarm.app */;
			productType = "com.apple.product-type.application";
		};
		3909CF89302F70A200912A27 /* VisualAlarmTests */ = {
			isa = PBXNativeTarget;
			buildConfigurationList = 3909CFA1302F70A200912A27 /* Build configuration list for PBXNativeTarget "VisualAlarmTests" */;
			buildPhases = (
				3909CF86302F70A200912A27 /* Sources */,
				3909CF87302F70A200912A27 /* Frameworks */,
				3909CF88302F70A200912A27 /* Resources */,
			);
			buildRules = (
			);
			dependencies = (
				3909CF8C302F70A200912A27 /* PBXTargetDependency */,
			);
			fileSystemSynchronizedGroups = (
				3909CF8D302F70A200912A27 /* VisualAlarmTests */,
			);
			name = VisualAlarmTests;
			packageProductDependencies = (
			);
			productName = VisualAlarmTests;
			productReference = 3909CF8A302F70A200912A27 /* VisualAlarmTests.xctest */;
			productType = "com.apple.product-type.bundle.unit-test";
		};
		3909CF93302F70A200912A27 /* VisualAlarmUITests */ = {
			isa = PBXNativeTarget;
			buildConfigurationList = 3909CFA4302F70A200912A27 /* Build configuration list for PBXNativeTarget "VisualAlarmUITests" */;
			buildPhases = (
				3909CF90302F70A200912A27 /* Sources */,
				3909CF91302F70A200912A27 /* Frameworks */,
				3909CF92302F70A200912A27 /* Resources */,
			);
			buildRules = (
			);
			dependencies = (
				3909CF96302F70A200912A27 /* PBXTargetDependency */,
			);
			fileSystemSynchronizedGroups = (
				3909CF97302F70A200912A27 /* VisualAlarmUITests */,
			);
			name = VisualAlarmUITests;
			packageProductDependencies = (
			);
			productName = VisualAlarmUITests;
			productReference = 3909CF94302F70A200912A27 /* VisualAlarmUITests.xctest */;
			productType = "com.apple.product-type.bundle.ui-testing";
		};
		C0DE000000000000000000A3 /* VisualAlarmAgent */ = {
			isa = PBXNativeTarget;
			buildConfigurationList = C0DE000000000000000000A7 /* Build configuration list for PBXNativeTarget "VisualAlarmAgent" */;
			buildPhases = (
				C0DE000000000000000000A4 /* Sources */,
				C0DE000000000000000000A6 /* Resources */,
			);
			buildRules = (
			);
			dependencies = (
			);
			fileSystemSynchronizedGroups = (
				C0DE000000000000000000A1 /* VisualAlarmAgent */,
			);
			name = VisualAlarmAgent;
			packageProductDependencies = (
			);
			productName = VisualAlarmAgent;
			productReference = C0DE000000000000000000A2 /* VisualAlarmAgent.app */;
			productType = "com.apple.product-type.application";
		};
		C0DE000000000000000000B3 /* VisualAlarmRunner */ = {
			isa = PBXNativeTarget;
			buildConfigurationList = C0DE000000000000000000B7 /* Build configuration list for PBXNativeTarget "VisualAlarmRunner" */;
			buildPhases = (
				C0DE000000000000000000B4 /* Sources */,
				C0DE000000000000000000B5 /* Frameworks */,
				C0DE000000000000000000B6 /* Resources */,
			);
			buildRules = (
			);
			dependencies = (
			);
			fileSystemSynchronizedGroups = (
				C0DE000000000000000000B1 /* VisualAlarmRunner */,
			);
			name = VisualAlarmRunner;
			packageProductDependencies = (
			);
			productName = VisualAlarmRunner;
			productReference = C0DE000000000000000000B2 /* VisualAlarmRunner.app */;
			productType = "com.apple.product-type.application";
		};
/* End PBXNativeTarget section */

/* Begin PBXProject section */
		3909CF75302F709E00912A27 /* Project object */ = {
			isa = PBXProject;
			attributes = {
				BuildIndependentTargetsInParallel = 1;
				LastSwiftUpdateCheck = 2630;
				LastUpgradeCheck = 2630;
				TargetAttributes = {
					3909CF7C302F709E00912A27 = {
						CreatedOnToolsVersion = 26.3;
					};
					3909CF89302F70A200912A27 = {
						CreatedOnToolsVersion = 26.3;
						TestTargetID = 3909CF7C302F709E00912A27;
					};
					3909CF93302F70A200912A27 = {
						CreatedOnToolsVersion = 26.3;
						TestTargetID = 3909CF7C302F709E00912A27;
					};
					C0DE000000000000000000A3 = {
						CreatedOnToolsVersion = 26.3;
					};
					C0DE000000000000000000B3 = {
						CreatedOnToolsVersion = 26.3;
					};
				};
			};
			buildConfigurationList = 3909CF78302F709E00912A27 /* Build configuration list for PBXProject "VisualAlarm" */;
			developmentRegion = en;
			hasScannedForEncodings = 0;
			knownRegions = (
				en,
				Base,
			);
			mainGroup = 3909CF74302F709E00912A27;
			minimizedProjectReferenceProxies = 1;
			preferredProjectObjectVersion = 77;
			productRefGroup = 3909CF7E302F709E00912A27 /* Products */;
			projectDirPath = "";
			projectRoot = "";
			targets = (
				3909CF7C302F709E00912A27 /* VisualAlarm */,
				C0DE000000000000000000A3 /* VisualAlarmAgent */,
				C0DE000000000000000000B3 /* VisualAlarmRunner */,
				3909CF89302F70A200912A27 /* VisualAlarmTests */,
				3909CF93302F70A200912A27 /* VisualAlarmUITests */,
			);
		};
/* End PBXProject section */

/* Begin PBXResourcesBuildPhase section */
		3909CF7B302F709E00912A27 /* Resources */ = {
			isa = PBXResourcesBuildPhase;
			buildActionMask = 2147483647;
			files = (
			);
			runOnlyForDeploymentPostprocessing = 0;
		};
		3909CF88302F70A200912A27 /* Resources */ = {
			isa = PBXResourcesBuildPhase;
			buildActionMask = 2147483647;
			files = (
			);
			runOnlyForDeploymentPostprocessing = 0;
		};
		3909CF92302F70A200912A27 /* Resources */ = {
			isa = PBXResourcesBuildPhase;
			buildActionMask = 2147483647;
			files = (
			);
			runOnlyForDeploymentPostprocessing = 0;
		};
		C0DE000000000000000000A6 /* Resources */ = {
			isa = PBXResourcesBuildPhase;
			buildActionMask = 2147483647;
			files = (
			);
			runOnlyForDeploymentPostprocessing = 0;
		};
		C0DE000000000000000000B6 /* Resources */ = {
			isa = PBXResourcesBuildPhase;
			buildActionMask = 2147483647;
			files = (
			);
			runOnlyForDeploymentPostprocessing = 0;
		};
/* End PBXResourcesBuildPhase section */

/* Begin PBXSourcesBuildPhase section */
		3909CF79302F709E00912A27 /* Sources */ = {
			isa = PBXSourcesBuildPhase;
			buildActionMask = 2147483647;
			files = (
			);
			runOnlyForDeploymentPostprocessing = 0;
		};
		3909CF86302F70A200912A27 /* Sources */ = {
			isa = PBXSourcesBuildPhase;
			buildActionMask = 2147483647;
			files = (
			);
			runOnlyForDeploymentPostprocessing = 0;
		};
		3909CF90302F70A200912A27 /* Sources */ = {
			isa = PBXSourcesBuildPhase;
			buildActionMask = 2147483647;
			files = (
			);
			runOnlyForDeploymentPostprocessing = 0;
		};
		C0DE000000000000000000A4 /* Sources */ = {
			isa = PBXSourcesBuildPhase;
			buildActionMask = 2147483647;
			files = (
			);
			runOnlyForDeploymentPostprocessing = 0;
		};
		C0DE000000000000000000B4 /* Sources */ = {
			isa = PBXSourcesBuildPhase;
			buildActionMask = 2147483647;
			files = (
			);
			runOnlyForDeploymentPostprocessing = 0;
		};
/* End PBXSourcesBuildPhase section */

/* Begin PBXTargetDependency section */
		3909CF8C302F70A200912A27 /* PBXTargetDependency */ = {
			isa = PBXTargetDependency;
			target = 3909CF7C302F709E00912A27 /* VisualAlarm */;
			targetProxy = 3909CF8B302F70A200912A27 /* PBXContainerItemProxy */;
		};
		3909CF96302F70A200912A27 /* PBXTargetDependency */ = {
			isa = PBXTargetDependency;
			target = 3909CF7C302F709E00912A27 /* VisualAlarm */;
			targetProxy = 3909CF95302F70A200912A27 /* PBXContainerItemProxy */;
		};
		C0DE000000000000000000C2 /* PBXTargetDependency */ = {
			isa = PBXTargetDependency;
			target = C0DE000000000000000000A3 /* VisualAlarmAgent */;
			targetProxy = C0DE000000000000000000C1 /* PBXContainerItemProxy */;
		};
		C0DE000000000000000000C4 /* PBXTargetDependency */ = {
			isa = PBXTargetDependency;
			target = C0DE000000000000000000B3 /* VisualAlarmRunner */;
			targetProxy = C0DE000000000000000000C3 /* PBXContainerItemProxy */;
		};
/* End PBXTargetDependency section */

/* Begin XCBuildConfiguration section */
		3909CF9C302F70A200912A27 /* Debug */ = {
			isa = XCBuildConfiguration;
			buildSettings = {
				ALWAYS_SEARCH_USER_PATHS = NO;
				ASSETCATALOG_COMPILER_GENERATE_SWIFT_ASSET_SYMBOL_EXTENSIONS = YES;
				CLANG_ANALYZER_NONNULL = YES;
				CLANG_ANALYZER_NUMBER_OBJECT_CONVERSION = YES_AGGRESSIVE;
				CLANG_CXX_LANGUAGE_STANDARD = "gnu++20";
				CLANG_ENABLE_MODULES = YES;
				CLANG_ENABLE_OBJC_ARC = YES;
				CLANG_ENABLE_OBJC_WEAK = YES;
				CLANG_WARN_BLOCK_CAPTURE_AUTORELEASING = YES;
				CLANG_WARN_BOOL_CONVERSION = YES;
				CLANG_WARN_COMMA = YES;
				CLANG_WARN_CONSTANT_CONVERSION = YES;
				CLANG_WARN_DEPRECATED_OBJC_IMPLEMENTATIONS = YES;
				CLANG_WARN_DIRECT_OBJC_ISA_USAGE = YES_ERROR;
				CLANG_WARN_DOCUMENTATION_COMMENTS = YES;
				CLANG_WARN_EMPTY_BODY = YES;
				CLANG_WARN_ENUM_CONVERSION = YES;
				CLANG_WARN_INFINITE_RECURSION = YES;
				CLANG_WARN_INT_CONVERSION = YES;
				CLANG_WARN_NON_LITERAL_NULL_CONVERSION = YES;
				CLANG_WARN_OBJC_IMPLICIT_RETAIN_SELF = YES;
				CLANG_WARN_OBJC_LITERAL_CONVERSION = YES;
				CLANG_WARN_OBJC_ROOT_CLASS = YES_ERROR;
				CLANG_WARN_QUOTED_INCLUDE_IN_FRAMEWORK_HEADER = YES;
				CLANG_WARN_RANGE_LOOP_ANALYSIS = YES;
				CLANG_WARN_STRICT_PROTOTYPES = YES;
				CLANG_WARN_SUSPICIOUS_MOVE = YES;
				CLANG_WARN_UNGUARDED_AVAILABILITY = YES_AGGRESSIVE;
				CLANG_WARN_UNREACHABLE_CODE = YES;
				CLANG_WARN__DUPLICATE_METHOD_MATCH = YES;
				COPY_PHASE_STRIP = NO;
				DEBUG_INFORMATION_FORMAT = dwarf;
				ENABLE_STRICT_OBJC_MSGSEND = YES;
				ENABLE_TESTABILITY = YES;
				ENABLE_USER_SCRIPT_SANDBOXING = YES;
				GCC_C_LANGUAGE_STANDARD = gnu17;
				GCC_DYNAMIC_NO_PIC = NO;
				GCC_NO_COMMON_BLOCKS = YES;
				GCC_OPTIMIZATION_LEVEL = 0;
				GCC_PREPROCESSOR_DEFINITIONS = (
					"DEBUG=1",
					"$(inherited)",
				);
				GCC_WARN_64_TO_32_BIT_CONVERSION = YES;
				GCC_WARN_ABOUT_RETURN_TYPE = YES_ERROR;
				GCC_WARN_UNDECLARED_SELECTOR = YES;
				GCC_WARN_UNINITIALIZED_AUTOS = YES_AGGRESSIVE;
				GCC_WARN_UNUSED_FUNCTION = YES;
				GCC_WARN_UNUSED_VARIABLE = YES;
				LOCALIZATION_PREFERS_STRING_CATALOGS = YES;
				MTL_ENABLE_DEBUG_INFO = INCLUDE_SOURCE;
				MTL_FAST_MATH = YES;
				ONLY_ACTIVE_ARCH = YES;
				SWIFT_ACTIVE_COMPILATION_CONDITIONS = "DEBUG $(inherited)";
				SWIFT_OPTIMIZATION_LEVEL = "-Onone";
			};
			name = Debug;
		};
		3909CF9D302F70A200912A27 /* Release */ = {
			isa = XCBuildConfiguration;
			buildSettings = {
				ALWAYS_SEARCH_USER_PATHS = NO;
				ASSETCATALOG_COMPILER_GENERATE_SWIFT_ASSET_SYMBOL_EXTENSIONS = YES;
				CLANG_ANALYZER_NONNULL = YES;
				CLANG_ANALYZER_NUMBER_OBJECT_CONVERSION = YES_AGGRESSIVE;
				CLANG_CXX_LANGUAGE_STANDARD = "gnu++20";
				CLANG_ENABLE_MODULES = YES;
				CLANG_ENABLE_OBJC_ARC = YES;
				CLANG_ENABLE_OBJC_WEAK = YES;
				CLANG_WARN_BLOCK_CAPTURE_AUTORELEASING = YES;
				CLANG_WARN_BOOL_CONVERSION = YES;
				CLANG_WARN_COMMA = YES;
				CLANG_WARN_CONSTANT_CONVERSION = YES;
				CLANG_WARN_DEPRECATED_OBJC_IMPLEMENTATIONS = YES;
				CLANG_WARN_DIRECT_OBJC_ISA_USAGE = YES_ERROR;
				CLANG_WARN_DOCUMENTATION_COMMENTS = YES;
				CLANG_WARN_EMPTY_BODY = YES;
				CLANG_WARN_ENUM_CONVERSION = YES;
				CLANG_WARN_INFINITE_RECURSION = YES;
				CLANG_WARN_INT_CONVERSION = YES;
				CLANG_WARN_NON_LITERAL_NULL_CONVERSION = YES;
				CLANG_WARN_OBJC_IMPLICIT_RETAIN_SELF = YES;
				CLANG_WARN_OBJC_LITERAL_CONVERSION = YES;
				CLANG_WARN_OBJC_ROOT_CLASS = YES_ERROR;
				CLANG_WARN_QUOTED_INCLUDE_IN_FRAMEWORK_HEADER = YES;
				CLANG_WARN_RANGE_LOOP_ANALYSIS = YES;
				CLANG_WARN_STRICT_PROTOTYPES = YES;
				CLANG_WARN_SUSPICIOUS_MOVE = YES;
				CLANG_WARN_UNGUARDED_AVAILABILITY = YES_AGGRESSIVE;
				CLANG_WARN_UNREACHABLE_CODE = YES;
				CLANG_WARN__DUPLICATE_METHOD_MATCH = YES;
				COPY_PHASE_STRIP = NO;
				DEBUG_INFORMATION_FORMAT = "dwarf-with-dsym";
				ENABLE_NS_ASSERTIONS = NO;
				ENABLE_STRICT_OBJC_MSGSEND = YES;
				ENABLE_USER_SCRIPT_SANDBOXING = YES;
				GCC_C_LANGUAGE_STANDARD = gnu17;
				GCC_NO_COMMON_BLOCKS = YES;
				GCC_WARN_64_TO_32_BIT_CONVERSION = YES;
				GCC_WARN_ABOUT_RETURN_TYPE = YES_ERROR;
				GCC_WARN_UNDECLARED_SELECTOR = YES;
				GCC_WARN_UNINITIALIZED_AUTOS = YES_AGGRESSIVE;
				GCC_WARN_UNUSED_FUNCTION = YES;
				GCC_WARN_UNUSED_VARIABLE = YES;
				LOCALIZATION_PREFERS_STRING_CATALOGS = YES;
				MTL_ENABLE_DEBUG_INFO = NO;
				MTL_FAST_MATH = YES;
				SWIFT_COMPILATION_MODE = wholemodule;
			};
			name = Release;
		};
		3909CF9F302F70A200912A27 /* Debug */ = {
			isa = XCBuildConfiguration;
			buildSettings = {
				ASSETCATALOG_COMPILER_APPICON_NAME = AppIcon;
				ASSETCATALOG_COMPILER_GLOBAL_ACCENT_COLOR_NAME = AccentColor;
				CODE_SIGN_STYLE = Automatic;
				CURRENT_PROJECT_VERSION = 1;
				DEVELOPMENT_TEAM = ETFKU52LQ6;
				ENABLE_APP_SANDBOX = YES;
				ENABLE_PREVIEWS = YES;
				ENABLE_USER_SELECTED_FILES = readonly;
				GENERATE_INFOPLIST_FILE = YES;
				"INFOPLIST_KEY_UIApplicationSceneManifest_Generation[sdk=iphoneos*]" = YES;
				"INFOPLIST_KEY_UIApplicationSceneManifest_Generation[sdk=iphonesimulator*]" = YES;
				"INFOPLIST_KEY_UIApplicationSupportsIndirectInputEvents[sdk=iphoneos*]" = YES;
				"INFOPLIST_KEY_UIApplicationSupportsIndirectInputEvents[sdk=iphonesimulator*]" = YES;
				"INFOPLIST_KEY_UILaunchScreen_Generation[sdk=iphoneos*]" = YES;
				"INFOPLIST_KEY_UILaunchScreen_Generation[sdk=iphonesimulator*]" = YES;
				"INFOPLIST_KEY_UIStatusBarStyle[sdk=iphoneos*]" = UIStatusBarStyleDefault;
				"INFOPLIST_KEY_UIStatusBarStyle[sdk=iphonesimulator*]" = UIStatusBarStyleDefault;
				INFOPLIST_KEY_UISupportedInterfaceOrientations = "UIInterfaceOrientationLandscapeLeft UIInterfaceOrientationLandscapeRight UIInterfaceOrientationPortrait UIInterfaceOrientationPortraitUpsideDown";
				IPHONEOS_DEPLOYMENT_TARGET = 18.6;
				LD_RUNPATH_SEARCH_PATHS = "@executable_path/Frameworks";
				"LD_RUNPATH_SEARCH_PATHS[sdk=macosx*]" = "@executable_path/../Frameworks";
				MACOSX_DEPLOYMENT_TARGET = 14.6;
				MARKETING_VERSION = 1.0;
				PRODUCT_BUNDLE_IDENTIFIER = co.denis.VisualAlarm;
				PRODUCT_NAME = "$(TARGET_NAME)";
				REGISTER_APP_GROUPS = YES;
				SDKROOT = auto;
				STRING_CATALOG_GENERATE_SYMBOLS = YES;
				SUPPORTED_PLATFORMS = "iphoneos iphonesimulator macosx";
				SUPPORTS_MACCATALYST = NO;
				SWIFT_APPROACHABLE_CONCURRENCY = YES;
				SWIFT_DEFAULT_ACTOR_ISOLATION = MainActor;
				SWIFT_EMIT_LOC_STRINGS = YES;
				SWIFT_UPCOMING_FEATURE_MEMBER_IMPORT_VISIBILITY = YES;
				SWIFT_VERSION = 5.0;
				TARGETED_DEVICE_FAMILY = "1,2";
				XROS_DEPLOYMENT_TARGET = 26.2;
			};
			name = Debug;
		};
		3909CFA0302F70A200912A27 /* Release */ = {
			isa = XCBuildConfiguration;
			buildSettings = {
				ASSETCATALOG_COMPILER_APPICON_NAME = AppIcon;
				ASSETCATALOG_COMPILER_GLOBAL_ACCENT_COLOR_NAME = AccentColor;
				CODE_SIGN_STYLE = Automatic;
				CURRENT_PROJECT_VERSION = 1;
				DEVELOPMENT_TEAM = ETFKU52LQ6;
				ENABLE_APP_SANDBOX = YES;
				ENABLE_PREVIEWS = YES;
				ENABLE_USER_SELECTED_FILES = readonly;
				GENERATE_INFOPLIST_FILE = YES;
				"INFOPLIST_KEY_UIApplicationSceneManifest_Generation[sdk=iphoneos*]" = YES;
				"INFOPLIST_KEY_UIApplicationSceneManifest_Generation[sdk=iphonesimulator*]" = YES;
				"INFOPLIST_KEY_UIApplicationSupportsIndirectInputEvents[sdk=iphoneos*]" = YES;
				"INFOPLIST_KEY_UIApplicationSupportsIndirectInputEvents[sdk=iphonesimulator*]" = YES;
				"INFOPLIST_KEY_UILaunchScreen_Generation[sdk=iphoneos*]" = YES;
				"INFOPLIST_KEY_UILaunchScreen_Generation[sdk=iphonesimulator*]" = YES;
				"INFOPLIST_KEY_UIStatusBarStyle[sdk=iphoneos*]" = UIStatusBarStyleDefault;
				"INFOPLIST_KEY_UIStatusBarStyle[sdk=iphonesimulator*]" = UIStatusBarStyleDefault;
				INFOPLIST_KEY_UISupportedInterfaceOrientations = "UIInterfaceOrientationLandscapeLeft UIInterfaceOrientationLandscapeRight UIInterfaceOrientationPortrait UIInterfaceOrientationPortraitUpsideDown";
				IPHONEOS_DEPLOYMENT_TARGET = 18.6;
				LD_RUNPATH_SEARCH_PATHS = "@executable_path/Frameworks";
				"LD_RUNPATH_SEARCH_PATHS[sdk=macosx*]" = "@executable_path/../Frameworks";
				MACOSX_DEPLOYMENT_TARGET = 14.6;
				MARKETING_VERSION = 1.0;
				PRODUCT_BUNDLE_IDENTIFIER = co.denis.VisualAlarm;
				PRODUCT_NAME = "$(TARGET_NAME)";
				REGISTER_APP_GROUPS = YES;
				SDKROOT = auto;
				STRING_CATALOG_GENERATE_SYMBOLS = YES;
				SUPPORTED_PLATFORMS = "iphoneos iphonesimulator macosx";
				SUPPORTS_MACCATALYST = NO;
				SWIFT_APPROACHABLE_CONCURRENCY = YES;
				SWIFT_DEFAULT_ACTOR_ISOLATION = MainActor;
				SWIFT_EMIT_LOC_STRINGS = YES;
				SWIFT_UPCOMING_FEATURE_MEMBER_IMPORT_VISIBILITY = YES;
				SWIFT_VERSION = 5.0;
				TARGETED_DEVICE_FAMILY = "1,2";
				XROS_DEPLOYMENT_TARGET = 26.2;
			};
			name = Release;
		};
		3909CFA2302F70A200912A27 /* Debug */ = {
			isa = XCBuildConfiguration;
			buildSettings = {
				BUNDLE_LOADER = "$(TEST_HOST)";
				CODE_SIGN_STYLE = Automatic;
				CURRENT_PROJECT_VERSION = 1;
				GENERATE_INFOPLIST_FILE = YES;
				IPHONEOS_DEPLOYMENT_TARGET = 26.2;
				MACOSX_DEPLOYMENT_TARGET = 15.7;
				MARKETING_VERSION = 1.0;
				PRODUCT_BUNDLE_IDENTIFIER = co.denis.VisualAlarmTests;
				PRODUCT_NAME = "$(TARGET_NAME)";
				SDKROOT = auto;
				STRING_CATALOG_GENERATE_SYMBOLS = NO;
				SUPPORTED_PLATFORMS = "iphoneos iphonesimulator macosx xros xrsimulator";
				SWIFT_APPROACHABLE_CONCURRENCY = YES;
				SWIFT_EMIT_LOC_STRINGS = NO;
				SWIFT_UPCOMING_FEATURE_MEMBER_IMPORT_VISIBILITY = YES;
				SWIFT_VERSION = 5.0;
				TARGETED_DEVICE_FAMILY = "1,2,7";
				TEST_HOST = "$(BUILT_PRODUCTS_DIR)/VisualAlarm.app/$(BUNDLE_EXECUTABLE_FOLDER_PATH)/VisualAlarm";
				XROS_DEPLOYMENT_TARGET = 26.2;
			};
			name = Debug;
		};
		3909CFA3302F70A200912A27 /* Release */ = {
			isa = XCBuildConfiguration;
			buildSettings = {
				BUNDLE_LOADER = "$(TEST_HOST)";
				CODE_SIGN_STYLE = Automatic;
				CURRENT_PROJECT_VERSION = 1;
				GENERATE_INFOPLIST_FILE = YES;
				IPHONEOS_DEPLOYMENT_TARGET = 26.2;
				MACOSX_DEPLOYMENT_TARGET = 15.7;
				MARKETING_VERSION = 1.0;
				PRODUCT_BUNDLE_IDENTIFIER = co.denis.VisualAlarmTests;
				PRODUCT_NAME = "$(TARGET_NAME)";
				SDKROOT = auto;
				STRING_CATALOG_GENERATE_SYMBOLS = NO;
				SUPPORTED_PLATFORMS = "iphoneos iphonesimulator macosx xros xrsimulator";
				SWIFT_APPROACHABLE_CONCURRENCY = YES;
				SWIFT_EMIT_LOC_STRINGS = NO;
				SWIFT_UPCOMING_FEATURE_MEMBER_IMPORT_VISIBILITY = YES;
				SWIFT_VERSION = 5.0;
				TARGETED_DEVICE_FAMILY = "1,2,7";
				TEST_HOST = "$(BUILT_PRODUCTS_DIR)/VisualAlarm.app/$(BUNDLE_EXECUTABLE_FOLDER_PATH)/VisualAlarm";
				XROS_DEPLOYMENT_TARGET = 26.2;
			};
			name = Release;
		};
		3909CFA5302F70A200912A27 /* Debug */ = {
			isa = XCBuildConfiguration;
			buildSettings = {
				CODE_SIGN_STYLE = Automatic;
				CURRENT_PROJECT_VERSION = 1;
				GENERATE_INFOPLIST_FILE = YES;
				IPHONEOS_DEPLOYMENT_TARGET = 26.2;
				MACOSX_DEPLOYMENT_TARGET = 15.7;
				MARKETING_VERSION = 1.0;
				PRODUCT_BUNDLE_IDENTIFIER = co.denis.VisualAlarmUITests;
				PRODUCT_NAME = "$(TARGET_NAME)";
				SDKROOT = auto;
				STRING_CATALOG_GENERATE_SYMBOLS = NO;
				SUPPORTED_PLATFORMS = "iphoneos iphonesimulator macosx xros xrsimulator";
				SWIFT_APPROACHABLE_CONCURRENCY = YES;
				SWIFT_EMIT_LOC_STRINGS = NO;
				SWIFT_UPCOMING_FEATURE_MEMBER_IMPORT_VISIBILITY = YES;
				SWIFT_VERSION = 5.0;
				TARGETED_DEVICE_FAMILY = "1,2,7";
				TEST_TARGET_NAME = VisualAlarm;
				XROS_DEPLOYMENT_TARGET = 26.2;
			};
			name = Debug;
		};
		3909CFA6302F70A200912A27 /* Release */ = {
			isa = XCBuildConfiguration;
			buildSettings = {
				CODE_SIGN_STYLE = Automatic;
				CURRENT_PROJECT_VERSION = 1;
				GENERATE_INFOPLIST_FILE = YES;
				IPHONEOS_DEPLOYMENT_TARGET = 26.2;
				MACOSX_DEPLOYMENT_TARGET = 15.7;
				MARKETING_VERSION = 1.0;
				PRODUCT_BUNDLE_IDENTIFIER = co.denis.VisualAlarmUITests;
				PRODUCT_NAME = "$(TARGET_NAME)";
				SDKROOT = auto;
				STRING_CATALOG_GENERATE_SYMBOLS = NO;
				SUPPORTED_PLATFORMS = "iphoneos iphonesimulator macosx xros xrsimulator";
				SWIFT_APPROACHABLE_CONCURRENCY = YES;
				SWIFT_EMIT_LOC_STRINGS = NO;
				SWIFT_UPCOMING_FEATURE_MEMBER_IMPORT_VISIBILITY = YES;
				SWIFT_VERSION = 5.0;
				TARGETED_DEVICE_FAMILY = "1,2,7";
				TEST_TARGET_NAME = VisualAlarm;
				XROS_DEPLOYMENT_TARGET = 26.2;
			};
			name = Release;
		};
		C0DE000000000000000000A8 /* Debug */ = {
			isa = XCBuildConfiguration;
			buildSettings = {
				CODE_SIGN_ENTITLEMENTS = Support/VisualAlarm.entitlements;
				CODE_SIGN_STYLE = Automatic;
				COMBINE_HIDPI_IMAGES = YES;
				CURRENT_PROJECT_VERSION = 1;
				DEVELOPMENT_TEAM = ETFKU52LQ6;
				ENABLE_APP_SANDBOX = YES;
				GENERATE_INFOPLIST_FILE = YES;
				INFOPLIST_KEY_LSUIElement = YES;
				LD_RUNPATH_SEARCH_PATHS = "@executable_path/../Frameworks";
				MACOSX_DEPLOYMENT_TARGET = 14.6;
				MARKETING_VERSION = 1.0;
				PRODUCT_BUNDLE_IDENTIFIER = co.denis.VisualAlarm.agent;
				PRODUCT_NAME = "$(TARGET_NAME)";
				SDKROOT = auto;
				SUPPORTED_PLATFORMS = macosx;
				SWIFT_VERSION = 5.0;
			};
			name = Debug;
		};
		C0DE000000000000000000A9 /* Release */ = {
			isa = XCBuildConfiguration;
			buildSettings = {
				CODE_SIGN_ENTITLEMENTS = Support/VisualAlarm.entitlements;
				CODE_SIGN_STYLE = Automatic;
				COMBINE_HIDPI_IMAGES = YES;
				CURRENT_PROJECT_VERSION = 1;
				DEVELOPMENT_TEAM = ETFKU52LQ6;
				ENABLE_APP_SANDBOX = YES;
				GENERATE_INFOPLIST_FILE = YES;
				INFOPLIST_KEY_LSUIElement = YES;
				LD_RUNPATH_SEARCH_PATHS = "@executable_path/../Frameworks";
				MACOSX_DEPLOYMENT_TARGET = 14.6;
				MARKETING_VERSION = 1.0;
				PRODUCT_BUNDLE_IDENTIFIER = co.denis.VisualAlarm.agent;
				PRODUCT_NAME = "$(TARGET_NAME)";
				SDKROOT = auto;
				SUPPORTED_PLATFORMS = macosx;
				SWIFT_VERSION = 5.0;
			};
			name = Release;
		};
		C0DE000000000000000000B8 /* Debug */ = {
			isa = XCBuildConfiguration;
			buildSettings = {
				CODE_SIGN_ENTITLEMENTS = Support/VisualAlarm.entitlements;
				CODE_SIGN_STYLE = Automatic;
				COMBINE_HIDPI_IMAGES = YES;
				CURRENT_PROJECT_VERSION = 1;
				DEVELOPMENT_TEAM = ETFKU52LQ6;
				ENABLE_APP_SANDBOX = YES;
				GENERATE_INFOPLIST_FILE = YES;
				INFOPLIST_KEY_LSUIElement = YES;
				LD_RUNPATH_SEARCH_PATHS = "@executable_path/../Frameworks";
				MACOSX_DEPLOYMENT_TARGET = 14.6;
				MARKETING_VERSION = 1.0;
				PRODUCT_BUNDLE_IDENTIFIER = co.denis.VisualAlarm.runner;
				PRODUCT_NAME = "$(TARGET_NAME)";
				SDKROOT = auto;
				SUPPORTED_PLATFORMS = macosx;
				SWIFT_VERSION = 5.0;
			};
			name = Debug;
		};
		C0DE000000000000000000B9 /* Release */ = {
			isa = XCBuildConfiguration;
			buildSettings = {
				CODE_SIGN_ENTITLEMENTS = Support/VisualAlarm.entitlements;
				CODE_SIGN_STYLE = Automatic;
				COMBINE_HIDPI_IMAGES = YES;
				CURRENT_PROJECT_VERSION = 1;
				DEVELOPMENT_TEAM = ETFKU52LQ6;
				ENABLE_APP_SANDBOX = YES;
				GENERATE_INFOPLIST_FILE = YES;
				INFOPLIST_KEY_LSUIElement = YES;
				LD_RUNPATH_SEARCH_PATHS = "@executable_path/../Frameworks";
				MACOSX_DEPLOYMENT_TARGET = 14.6;
				MARKETING_VERSION = 1.0;
				PRODUCT_BUNDLE_IDENTIFIER = co.denis.VisualAlarm.runner;
				PRODUCT_NAME = "$(TARGET_NAME)";
				SDKROOT = auto;
				SUPPORTED_PLATFORMS = macosx;
				SWIFT_VERSION = 5.0;
			};
			name = Release;
		};
/* End XCBuildConfiguration section */

/* Begin XCConfigurationList section */
		3909CF78302F709E00912A27 /* Build configuration list for PBXProject "VisualAlarm" */ = {
			isa = XCConfigurationList;
			buildConfigurations = (
				3909CF9C302F70A200912A27 /* Debug */,
				3909CF9D302F70A200912A27 /* Release */,
			);
			defaultConfigurationIsVisible = 0;
			defaultConfigurationName = Release;
		};
		3909CF9E302F70A200912A27 /* Build configuration list for PBXNativeTarget "VisualAlarm" */ = {
			isa = XCConfigurationList;
			buildConfigurations = (
				3909CF9F302F70A200912A27 /* Debug */,
				3909CFA0302F70A200912A27 /* Release */,
			);
			defaultConfigurationIsVisible = 0;
			defaultConfigurationName = Release;
		};
		3909CFA1302F70A200912A27 /* Build configuration list for PBXNativeTarget "VisualAlarmTests" */ = {
			isa = XCConfigurationList;
			buildConfigurations = (
				3909CFA2302F70A200912A27 /* Debug */,
				3909CFA3302F70A200912A27 /* Release */,
			);
			defaultConfigurationIsVisible = 0;
			defaultConfigurationName = Release;
		};
		3909CFA4302F70A200912A27 /* Build configuration list for PBXNativeTarget "VisualAlarmUITests" */ = {
			isa = XCConfigurationList;
			buildConfigurations = (
				3909CFA5302F70A200912A27 /* Debug */,
				3909CFA6302F70A200912A27 /* Release */,
			);
			defaultConfigurationIsVisible = 0;
			defaultConfigurationName = Release;
		};
		C0DE000000000000000000A7 /* Build configuration list for PBXNativeTarget "VisualAlarmAgent" */ = {
			isa = XCConfigurationList;
			buildConfigurations = (
				C0DE000000000000000000A8 /* Debug */,
				C0DE000000000000000000A9 /* Release */,
			);
			defaultConfigurationIsVisible = 0;
			defaultConfigurationName = Release;
		};
		C0DE000000000000000000B7 /* Build configuration list for PBXNativeTarget "VisualAlarmRunner" */ = {
			isa = XCConfigurationList;
			buildConfigurations = (
				C0DE000000000000000000B8 /* Debug */,
				C0DE000000000000000000B9 /* Release */,
			);
			defaultConfigurationIsVisible = 0;
			defaultConfigurationName = Release;
		};
/* End XCConfigurationList section */
	};
	rootObject = 3909CF75302F709E00912A27 /* Project object */;
}
